
Microsoft Visual Studio Solution File, Format Version 12.00
# Visual Studio 14
VisualStudioVersion = 14.0.25420.1
MinimumVisualStudioVersion = 10.0.40219.1
Project("{FAE04EC0-301F-11D3-BF4B-00C04F79EFBC}") = "TalentAcquisition.iOS", "TalentAcquisition\TalentAcquisition.iOS\TalentAcquisition.iOS.csproj", "{AD83C017-E701-4BFB-AA87-3A7C21BDDC19}"
EndProject
Project("{FAE04EC0-301F-11D3-BF4B-00C04F79EFBC}") = "TalentAcquisition", "TalentAcquisition\TalentAcquisition\TalentAcquisition.csproj", "{057FB82D-3566-4023-B522-5B468198322E}"
EndProject
Project("{9344BDBB-3E7F-41FC-A0DD-8665D75EE146}") = "TalentAcquisition.Droid", "TalentAcquisition\TalentAcquisition.Droid\TalentAcquisition.Droid.csproj", "{BABE0B69-2A0B-4B9D-9134-0A480E85A81D}"
EndProject
Global
	GlobalSection(SolutionConfigurationPlatforms) = preSolution
		Ad-Hoc|Any CPU = Ad-Hoc|Any CPU
		Ad-Hoc|ARM = Ad-Hoc|ARM
		Ad-Hoc|iPhone = Ad-Hoc|iPhone
		Ad-Hoc|iPhoneSimulator = Ad-Hoc|iPhoneSimulator
		Ad-Hoc|x64 = Ad-Hoc|x64
		Ad-Hoc|x86 = Ad-Hoc|x86
		AppStore|Any CPU = AppStore|Any CPU
		AppStore|ARM = AppStore|ARM
		AppStore|iPhone = AppStore|iPhone
		AppStore|iPhoneSimulator = AppStore|iPhoneSimulator
		AppStore|x64 = AppStore|x64
		AppStore|x86 = AppStore|x86
		Debug|Any CPU = Debug|Any CPU
		Debug|ARM = Debug|ARM
		Debug|iPhone = Debug|iPhone
		Debug|iPhoneSimulator = Debug|iPhoneSimulator
		Debug|x64 = Debug|x64
		Debug|x86 = Debug|x86
		Release|Any CPU = Release|Any CPU
		Release|ARM = Release|ARM
		Release|iPhone = Release|iPhone
		Release|iPhoneSimulator = Release|iPhoneSimulator
		Release|x64 = Release|x64
		Release|x86 = Release|x86
	EndGlobalSection
	GlobalSection(ProjectConfigurationPlatforms) = postSolution
		{AD83C017-E701-4BFB-AA87-3A7C21BDDC19}.Ad-Hoc|Any CPU.ActiveCfg = Ad-Hoc|iPhone
		{AD83C017-E701-4BFB-AA87-3A7C21BDDC19}.Ad-Hoc|ARM.ActiveCfg = Ad-Hoc|iPhone
		{AD83C017-E701-4BFB-AA87-3A7C21BDDC19}.Ad-Hoc|iPhone.ActiveCfg = Ad-Hoc|iPhone
		{AD83C017-E701-4BFB-AA87-3A7C21BDDC19}.Ad-Hoc|iPhone.Build.0 = Ad-Hoc|iPhone
		{AD83C017-E701-4BFB-AA87-3A7C21BDDC19}.Ad-Hoc|iPhoneSimulator.ActiveCfg = Ad-Hoc|iPhoneSimulator
		{AD83C017-E701-4BFB-AA87-3A7C21BDDC19}.Ad-Hoc|iPhoneSimulator.Build.0 = Ad-Hoc|iPhoneSimulator
		{AD83C017-E701-4BFB-AA87-3A7C21BDDC19}.Ad-Hoc|x64.ActiveCfg = Ad-Hoc|iPhone
		{AD83C017-E701-4BFB-AA87-3A7C21BDDC19}.Ad-Hoc|x86.ActiveCfg = Ad-Hoc|iPhone
		{AD83C017-E701-4BFB-AA87-3A7C21BDDC19}.AppStore|Any CPU.ActiveCfg = AppStore|iPhone
		{AD83C017-E701-4BFB-AA87-3A7C21BDDC19}.AppStore|ARM.ActiveCfg = AppStore|iPhone
		{AD83C017-E701-4BFB-AA87-3A7C21BDDC19}.AppStore|iPhone.ActiveCfg = AppStore|iPhone
		{AD83C017-E701-4BFB-AA87-3A7C21BDDC19}.AppStore|iPhone.Build.0 = AppStore|iPhone
		{AD83C017-E701-4BFB-AA87-3A7C21BDDC19}.AppStore|iPhoneSimulator.ActiveCfg = AppStore|iPhoneSimulator
		{AD83C017-E701-4BFB-AA87-3A7C21BDDC19}.AppStore|iPhoneSimulator.Build.0 = AppStore|iPhoneSimulator
		{AD83C017-E701-4BFB-AA87-3A7C21BDDC19}.AppStore|x64.ActiveCfg = AppStore|iPhone
		{AD83C017-E701-4BFB-AA87-3A7C21BDDC19}.AppStore|x86.ActiveCfg = AppStore|iPhone
		{AD83C017-E701-4BFB-AA87-3A7C21BDDC19}.Debug|Any CPU.ActiveCfg = Debug|iPhone
		{AD83C017-E701-4BFB-AA87-3A7C21BDDC19}.Debug|ARM.ActiveCfg = Debug|iPhone
		{AD83C017-E701-4BFB-AA87-3A7C21BDDC19}.Debug|iPhone.ActiveCfg = Debug|iPhone
		{AD83C017-E701-4BFB-AA87-3A7C21BDDC19}.Debug|iPhone.Build.0 = Debug|iPhone
		{AD83C017-E701-4BFB-AA87-3A7C21BDDC19}.Debug|iPhoneSimulator.ActiveCfg = Debug|iPhoneSimulator
		{AD83C017-E701-4BFB-AA87-3A7C21BDDC19}.Debug|iPhoneSimulator.Build.0 = Debug|iPhoneSimulator
		{AD83C017-E701-4BFB-AA87-3A7C21BDDC19}.Debug|x64.ActiveCfg = Debug|iPhone
		{AD83C017-E701-4BFB-AA87-3A7C21BDDC19}.Debug|x86.ActiveCfg = Debug|iPhone
		{AD83C017-E701-4BFB-AA87-3A7C21BDDC19}.Release|Any CPU.ActiveCfg = Release|iPhone
		{AD83C017-E701-4BFB-AA87-3A7C21BDDC19}.Release|ARM.ActiveCfg = Release|iPhone
		{AD83C017-E701-4BFB-AA87-3A7C21BDDC19}.Release|iPhone.ActiveCfg = Release|iPhone
		{AD83C017-E701-4BFB-AA87-3A7C21BDDC19}.Release|iPhone.Build.0 = Release|iPhone
		{AD83C017-E701-4BFB-AA87-3A7C21BDDC19}.Release|iPhoneSimulator.ActiveCfg = Release|iPhoneSimulator
		{AD83C017-E701-4BFB-AA87-3A7C21BDDC19}.Release|iPhoneSimulator.Build.0 = Release|iPhoneSimulator
		{AD83C017-E701-4BFB-AA87-3A7C21BDDC19}.Release|x64.ActiveCfg = Release|iPhone
		{AD83C017-E701-4BFB-AA87-3A7C21BDDC19}.Release|x86.ActiveCfg = Release|iPhone
		{057FB82D-3566-4023-B522-5B468198322E}.Ad-Hoc|Any CPU.ActiveCfg = Release|Any CPU
		{057FB82D-3566-4023-B522-5B468198322E}.Ad-Hoc|Any CPU.Build.0 = Release|Any CPU
		{057FB82D-3566-4023-B522-5B468198322E}.Ad-Hoc|ARM.ActiveCfg = Release|Any CPU
		{057FB82D-3566-4023-B522-5B468198322E}.Ad-Hoc|ARM.Build.0 = Release|Any CPU
		{057FB82D-3566-4023-B522-5B468198322E}.Ad-Hoc|iPhone.ActiveCfg = Release|Any CPU
		{057FB82D-3566-4023-B522-5B468198322E}.Ad-Hoc|iPhone.Build.0 = Release|Any CPU
		{057FB82D-3566-4023-B522-5B468198322E}.Ad-Hoc|iPhoneSimulator.ActiveCfg = Release|Any CPU
		{057FB82D-3566-4023-B522-5B468198322E}.Ad-Hoc|iPhoneSimulator.Build.0 = Release|Any CPU
		{057FB82D-3566-4023-B522-5B468198322E}.Ad-Hoc|x64.ActiveCfg = Release|Any CPU
		{057FB82D-3566-4023-B522-5B468198322E}.Ad-Hoc|x64.Build.0 = Release|Any CPU
		{057FB82D-3566-4023-B522-5B468198322E}.Ad-Hoc|x86.ActiveCfg = Release|Any CPU
		{057FB82D-3566-4023-B522-5B468198322E}.Ad-Hoc|x86.Build.0 = Release|Any CPU
		{057FB82D-3566-4023-B522-5B468198322E}.AppStore|Any CPU.ActiveCfg = Release|Any CPU
		{057FB82D-3566-4023-B522-5B468198322E}.AppStore|Any CPU.Build.0 = Release|Any CPU
		{057FB82D-3566-4023-B522-5B468198322E}.AppStore|ARM.ActiveCfg = Release|Any CPU
		{057FB82D-3566-4023-B522-5B468198322E}.AppStore|ARM.Build.0 = Release|Any CPU
		{057FB82D-3566-4023-B522-5B468198322E}.AppStore|iPhone.ActiveCfg = Release|Any CPU
		{057FB82D-3566-4023-B522-5B468198322E}.AppStore|iPhone.Build.0 = Release|Any CPU
		{057FB82D-3566-4023-B522-5B468198322E}.AppStore|iPhoneSimulator.ActiveCfg = Release|Any CPU
		{057FB82D-3566-4023-B522-5B468198322E}.AppStore|iPhoneSimulator.Build.0 = Release|Any CPU
		{057FB82D-3566-4023-B522-5B468198322E}.AppStore|x64.ActiveCfg = Release|Any CPU
		{057FB82D-3566-4023-B522-5B468198322E}.AppStore|x64.Build.0 = Release|Any CPU
		{057FB82D-3566-4023-B522-5B468198322E}.AppStore|x86.ActiveCfg = Release|Any CPU
		{057FB82D-3566-4023-B522-5B468198322E}.AppStore|x86.Build.0 = Release|Any CPU
		{057FB82D-3566-4023-B522-5B468198322E}.Debug|Any CPU.ActiveCfg = Debug|Any CPU
		{057FB82D-3566-4023-B522-5B468198322E}.Debug|Any CPU.Build.0 = Debug|Any CPU
		{057FB82D-3566-4023-B522-5B468198322E}.Debug|ARM.ActiveCfg = Debug|Any CPU
		{057FB82D-3566-4023-B522-5B468198322E}.Debug|ARM.Build.0 = Debug|Any CPU
		{057FB82D-3566-4023-B522-5B468198322E}.Debug|iPhone.ActiveCfg = Debug|Any CPU
		{057FB82D-3566-4023-B522-5B468198322E}.Debug|iPhone.Build.0 = Debug|Any CPU
		{057FB82D-3566-4023-B522-5B468198322E}.Debug|iPhoneSimulator.ActiveCfg = Debug|Any CPU
		{057FB82D-3566-4023-B522-5B468198322E}.Debug|iPhoneSimulator.Build.0 = Debug|Any CPU
		{057FB82D-3566-4023-B522-5B468198322E}.Debug|x64.ActiveCfg = Debug|Any CPU
		{057FB82D-3566-4023-B522-5B468198322E}.Debug|x64.Build.0 = Debug|Any CPU
		{057FB82D-3566-4023-B522-5B468198322E}.Debug|x86.ActiveCfg = Debug|Any CPU
		{057FB82D-3566-4023-B522-5B468198322E}.Debug|x86.Build.0 = Debug|Any CPU
		{057FB82D-3566-4023-B522-5B468198322E}.Release|Any CPU.ActiveCfg = Release|Any CPU
		{057FB82D-3566-4023-B522-5B468198322E}.Release|Any CPU.Build.0 = Release|Any CPU
		{057FB82D-3566-4023-B522-5B468198322E}.Release|ARM.ActiveCfg = Release|Any CPU
		{057FB82D-3566-4023-B522-5B468198322E}.Release|ARM.Build.0 = Release|Any CPU
		{057FB82D-3566-4023-B522-5B468198322E}.Release|iPhone.ActiveCfg = Release|Any CPU
		{057FB82D-3566-4023-B522-5B468198322E}.Release|iPhone.Build.0 = Release|Any CPU
		{057FB82D-3566-4023-B522-5B468198322E}.Release|iPhoneSimulator.ActiveCfg = Release|Any CPU
		{057FB82D-3566-4023-B522-5B468198322E}.Release|iPhoneSimulator.Build.0 = Release|Any CPU
		{057FB82D-3566-4023-B522-5B468198322E}.Release|x64.ActiveCfg = Release|Any CPU
		{057FB82D-3566-4023-B522-5B468198322E}.Release|x64.Build.0 = Release|Any CPU
		{057FB82D-3566-4023-B522-5B468198322E}.Release|x86.ActiveCfg = Release|Any CPU
		{057FB82D-3566-4023-B522-5B468198322E}.Release|x86.Build.0 = Release|Any CPU
		{BABE0B69-2A0B-4B9D-9134-0A480E85A81D}.Ad-Hoc|Any CPU.ActiveCfg = Release|Any CPU
		{BABE0B69-2A0B-4B9D-9134-0A480E85A81D}.Ad-Hoc|Any CPU.Build.0 = Release|Any CPU
		{BABE0B69-2A0B-4B9D-9134-0A480E85A81D}.Ad-Hoc|Any CPU.Deploy.0 = Release|Any CPU
		{BABE0B69-2A0B-4B9D-9134-0A480E85A81D}.Ad-Hoc|ARM.ActiveCfg = Release|Any CPU
		{BABE0B69-2A0B-4B9D-9134-0A480E85A81D}.Ad-Hoc|ARM.Build.0 = Release|Any CPU
		{BABE0B69-2A0B-4B9D-9134-0A480E85A81D}.Ad-Hoc|ARM.Deploy.0 = Release|Any CPU
		{BABE0B69-2A0B-4B9D-9134-0A480E85A81D}.Ad-Hoc|iPhone.ActiveCfg = Release|Any CPU
		{BABE0B69-2A0B-4B9D-9134-0A480E85A81D}.Ad-Hoc|iPhone.Build.0 = Release|Any CPU
		{BABE0B69-2A0B-4B9D-9134-0A480E85A81D}.Ad-Hoc|iPhone.Deploy.0 = Release|Any CPU
		{BABE0B69-2A0B-4B9D-9134-0A480E85A81D}.Ad-Hoc|iPhoneSimulator.ActiveCfg = Release|Any CPU
		{BABE0B69-2A0B-4B9D-9134-0A480E85A81D}.Ad-Hoc|iPhoneSimulator.Build.0 = Release|Any CPU
		{BABE0B69-2A0B-4B9D-9134-0A480E85A81D}.Ad-Hoc|iPhoneSimulator.Deploy.0 = Release|Any CPU
		{BABE0B69-2A0B-4B9D-9134-0A480E85A81D}.Ad-Hoc|x64.ActiveCfg = Release|Any CPU
		{BABE0B69-2A0B-4B9D-9134-0A480E85A81D}.Ad-Hoc|x64.Build.0 = Release|Any CPU
		{BABE0B69-2A0B-4B9D-9134-0A480E85A81D}.Ad-Hoc|x64.Deploy.0 = Release|Any CPU
		{BABE0B69-2A0B-4B9D-9134-0A480E85A81D}.Ad-Hoc|x86.ActiveCfg = Release|Any CPU
		{BABE0B69-2A0B-4B9D-9134-0A480E85A81D}.Ad-Hoc|x86.Build.0 = Release|Any CPU
		{BABE0B69-2A0B-4B9D-9134-0A480E85A81D}.Ad-Hoc|x86.Deploy.0 = Release|Any CPU
		{BABE0B69-2A0B-4B9D-9134-0A480E85A81D}.AppStore|Any CPU.ActiveCfg = Release|Any CPU
		{BABE0B69-2A0B-4B9D-9134-0A480E85A81D}.AppStore|Any CPU.Build.0 = Release|Any CPU
		{BABE0B69-2A0B-4B9D-9134-0A480E85A81D}.AppStore|Any CPU.Deploy.0 = Release|Any CPU
		{BABE0B69-2A0B-4B9D-9134-0A480E85A81D}.AppStore|ARM.ActiveCfg = Release|Any CPU
		{BABE0B69-2A0B-4B9D-9134-0A480E85A81D}.AppStore|ARM.Build.0 = Release|Any CPU
		{BABE0B69-2A0B-4B9D-9134-0A480E85A81D}.AppStore|ARM.Deploy.0 = Release|Any CPU
		{BABE0B69-2A0B-4B9D-9134-0A480E85A81D}.AppStore|iPhone.ActiveCfg = Release|Any CPU
		{BABE0B69-2A0B-4B9D-9134-0A480E85A81D}.AppStore|iPhone.Build.0 = Release|Any CPU
		{BABE0B69-2A0B-4B9D-9134-0A480E85A81D}.AppStore|iPhone.Deploy.0 = Release|Any CPU
		{BABE0B69-2A0B-4B9D-9134-0A480E85A81D}.AppStore|iPhoneSimulator.ActiveCfg = Release|Any CPU
		{BABE0B69-2A0B-4B9D-9134-0A480E85A81D}.AppStore|iPhoneSimulator.Build.0 = Release|Any CPU
		{BABE0B69-2A0B-4B9D-9134-0A480E85A81D}.AppStore|iPhoneSimulator.Deploy.0 = Release|Any CPU
		{BABE0B69-2A0B-4B9D-9134-0A480E85A81D}.AppStore|x64.ActiveCfg = Release|Any CPU
		{BABE0B69-2A0B-4B9D-9134-0A480E85A81D}.AppStore|x64.Build.0 = Release|Any CPU
		{BABE0B69-2A0B-4B9D-9134-0A480E85A81D}.AppStore|x64.Deploy.0 = Release|Any CPU
		{BABE0B69-2A0B-4B9D-9134-0A480E85A81D}.AppStore|x86.ActiveCfg = Release|Any CPU
		{BABE0B69-2A0B-4B9D-9134-0A480E85A81D}.AppStore|x86.Build.0 = Release|Any CPU
		{BABE0B69-2A0B-4B9D-9134-0A480E85A81D}.AppStore|x86.Deploy.0 = Release|Any CPU
		{BABE0B69-2A0B-4B9D-9134-0A480E85A81D}.Debug|Any CPU.ActiveCfg = Debug|Any CPU
		{BABE0B69-2A0B-4B9D-9134-0A480E85A81D}.Debug|Any CPU.Build.0 = Debug|Any CPU
		{BABE0B69-2A0B-4B9D-9134-0A480E85A81D}.Debug|Any CPU.Deploy.0 = Debug|Any CPU
		{BABE0B69-2A0B-4B9D-9134-0A480E85A81D}.Debug|ARM.ActiveCfg = Debug|Any CPU
		{BABE0B69-2A0B-4B9D-9134-0A480E85A81D}.Debug|ARM.Build.0 = Debug|Any CPU
		{BABE0B69-2A0B-4B9D-9134-0A480E85A81D}.Debug|ARM.Deploy.0 = Debug|Any CPU
		{BABE0B69-2A0B-4B9D-9134-0A480E85A81D}.Debug|iPhone.ActiveCfg = Debug|Any CPU
		{BABE0B69-2A0B-4B9D-9134-0A480E85A81D}.Debug|iPhone.Build.0 = Debug|Any CPU
		{BABE0B69-2A0B-4B9D-9134-0A480E85A81D}.Debug|iPhone.Deploy.0 = Debug|Any CPU
		{BABE0B69-2A0B-4B9D-9134-0A480E85A81D}.Debug|iPhoneSimulator.ActiveCfg = Debug|Any CPU
		{BABE0B69-2A0B-4B9D-9134-0A480E85A81D}.Debug|iPhoneSimulator.Build.0 = Debug|Any CPU
		{BABE0B69-2A0B-4B9D-9134-0A480E85A81D}.Debug|iPhoneSimulator.Deploy.0 = Debug|Any CPU
		{BABE0B69-2A0B-4B9D-9134-0A480E85A81D}.Debug|x64.ActiveCfg = Debug|Any CPU
		{BABE0B69-2A0B-4B9D-9134-0A480E85A81D}.Debug|x64.Build.0 = Debug|Any CPU
		{BABE0B69-2A0B-4B9D-9134-0A480E85A81D}.Debug|x64.Deploy.0 = Debug|Any CPU
		{BABE0B69-2A0B-4B9D-9134-0A480E85A81D}.Debug|x86.ActiveCfg = Debug|Any CPU
		{BABE0B69-2A0B-4B9D-9134-0A480E85A81D}.Debug|x86.Build.0 = Debug|Any CPU
		{BABE0B69-2A0B-4B9D-9134-0A480E85A81D}.Debug|x86.Deploy.0 = Debug|Any CPU
		{BABE0B69-2A0B-4B9D-9134-0A480E85A81D}.Release|Any CPU.ActiveCfg = Release|Any CPU
		{BABE0B69-2A0B-4B9D-9134-0A480E85A81D}.Release|Any CPU.Build.0 = Release|Any CPU
		{BABE0B69-2A0B-4B9D-9134-0A480E85A81D}.Release|Any CPU.Deploy.0 = Release|Any CPU
		{BABE0B69-2A0B-4B9D-9134-0A480E85A81D}.Release|ARM.ActiveCfg = Release|Any CPU
		{BABE0B69-2A0B-4B9D-9134-0A480E85A81D}.Release|ARM.Build.0 = Release|Any CPU
		{BABE0B69-2A0B-4B9D-9134-0A480E85A81D}.Release|ARM.Deploy.0 = Release|Any CPU
		{BABE0B69-2A0B-4B9D-9134-0A480E85A81D}.Release|iPhone.ActiveCfg = Release|Any CPU
		{BABE0B69-2A0B-4B9D-9134-0A480E85A81D}.Release|iPhone.Build.0 = Release|Any CPU
		{BABE0B69-2A0B-4B9D-9134-0A480E85A81D}.Release|iPhone.Deploy.0 = Release|Any CPU
		{BABE0B69-2A0B-4B9D-9134-0A480E85A81D}.Release|iPhoneSimulator.ActiveCfg = Release|Any CPU
		{BABE0B69-2A0B-4B9D-9134-0A480E85A81D}.Release|iPhoneSimulator.Build.0 = Release|Any CPU
		{BABE0B69-2A0B-4B9D-9134-0A480E85A81D}.Release|iPhoneSimulator.Deploy.0 = Release|Any CPU
		{BABE0B69-2A0B-4B9D-9134-0A480E85A81D}.Release|x64.ActiveCfg = Release|Any CPU
		{BABE0B69-2A0B-4B9D-9134-0A480E85A81D}.Release|x64.Build.0 = Release|Any CPU
		{BABE0B69-2A0B-4B9D-9134-0A480E85A81D}.Release|x64.Deploy.0 = Release|Any CPU
		{BABE0B69-2A0B-4B9D-9134-0A480E85A81D}.Release|x86.ActiveCfg = Release|Any CPU
		{BABE0B69-2A0B-4B9D-9134-0A480E85A81D}.Release|x86.Build.0 = Release|Any CPU
		{BABE0B69-2A0B-4B9D-9134-0A480E85A81D}.Release|x86.Deploy.0 = Release|Any CPU
	EndGlobalSection
	GlobalSection(SolutionProperties) = preSolution
		HideSolutionNode = FALSE
	EndGlobalSection
EndGlobal
